
Microsoft Visual Studio Solution File, Format Version 12.00
# Visual Studio 15
VisualStudioVersion = 15.0.26124.0
MinimumVisualStudioVersion = 15.0.26124.0
Project("{2150E333-8FDC-42A3-9474-1A3956D46DE8}") = "src", "src", "{21723250-D555-11EA-A41A-1BD6E9701E6E}"
EndProject
Project("{2150E333-8FDC-42A3-9474-1A3956D46DE8}") = "test", "test", "{2B3484A0-D555-11EA-A41A-1BD6E9701E6E}"
EndProject
Project("{2150E333-8FDC-42A3-9474-1A3956D46DE8}") = "tools", "tools", "{30DD08F0-D555-11EA-A41A-1BD6E9701E6E}"
EndProject
Project("{2150E333-8FDC-42A3-9474-1A3956D46DE8}") = "Framework", "Framework", "{40A71690-D555-11EA-A41A-1BD6E9701E6E}"
EndProject
Project("{2150E333-8FDC-42A3-9474-1A3956D46DE8}") = "Services", "Services", "{48716970-D555-11EA-A41A-1BD6E9701E6E}"
EndProject
Project("{2150E333-8FDC-42A3-9474-1A3956D46DE8}") = "Utilities", "Utilities", "{4E89EDA0-D555-11EA-A41A-1BD6E9701E6E}"
EndProject
Project("{2150E333-8FDC-42A3-9474-1A3956D46DE8}") = "Web", "Web", "{534579E0-D555-11EA-A41A-1BD6E9701E6E}"
EndProject
Project("{FAE04EC0-301F-11D3-BF4B-00C04F79EFBC}") = "EMS.Application.Admin", "EMS.Application.Admin\EMS.Application.Admin.csproj", "{32C67427-2AB7-48C1-9B97-95EEC587DE37}"
EndProject
Project("{FAE04EC0-301F-11D3-BF4B-00C04F79EFBC}") = "EMS.Services.Security", "EMS.Services.Security\EMS.Services.Security.csproj", "{F7944CC4-7538-47EF-8ED5-411CA2D35896}"
EndProject
Global
	GlobalSection(SolutionConfigurationPlatforms) = preSolution
		Debug|Any CPU = Debug|Any CPU
		Debug|x64 = Debug|x64
		Debug|x86 = Debug|x86
		Release|Any CPU = Release|Any CPU
		Release|x64 = Release|x64
		Release|x86 = Release|x86
	EndGlobalSection
	GlobalSection(SolutionProperties) = preSolution
		HideSolutionNode = FALSE
	EndGlobalSection
	GlobalSection(ProjectConfigurationPlatforms) = postSolution
		{32C67427-2AB7-48C1-9B97-95EEC587DE37}.Debug|Any CPU.ActiveCfg = Debug|Any CPU
		{32C67427-2AB7-48C1-9B97-95EEC587DE37}.Debug|Any CPU.Build.0 = Debug|Any CPU
		{32C67427-2AB7-48C1-9B97-95EEC587DE37}.Debug|x64.ActiveCfg = Debug|Any CPU
		{32C67427-2AB7-48C1-9B97-95EEC587DE37}.Debug|x64.Build.0 = Debug|Any CPU
		{32C67427-2AB7-48C1-9B97-95EEC587DE37}.Debug|x86.ActiveCfg = Debug|Any CPU
		{32C67427-2AB7-48C1-9B97-95EEC587DE37}.Debug|x86.Build.0 = Debug|Any CPU
		{32C67427-2AB7-48C1-9B97-95EEC587DE37}.Release|Any CPU.ActiveCfg = Release|Any CPU
		{32C67427-2AB7-48C1-9B97-95EEC587DE37}.Release|Any CPU.Build.0 = Release|Any CPU
		{32C67427-2AB7-48C1-9B97-95EEC587DE37}.Release|x64.ActiveCfg = Release|Any CPU
		{32C67427-2AB7-48C1-9B97-95EEC587DE37}.Release|x64.Build.0 = Release|Any CPU
		{32C67427-2AB7-48C1-9B97-95EEC587DE37}.Release|x86.ActiveCfg = Release|Any CPU
		{32C67427-2AB7-48C1-9B97-95EEC587DE37}.Release|x86.Build.0 = Release|Any CPU
		{F7944CC4-7538-47EF-8ED5-411CA2D35896}.Debug|Any CPU.ActiveCfg = Debug|Any CPU
		{F7944CC4-7538-47EF-8ED5-411CA2D35896}.Debug|Any CPU.Build.0 = Debug|Any CPU
		{F7944CC4-7538-47EF-8ED5-411CA2D35896}.Debug|x64.ActiveCfg = Debug|Any CPU
		{F7944CC4-7538-47EF-8ED5-411CA2D35896}.Debug|x64.Build.0 = Debug|Any CPU
		{F7944CC4-7538-47EF-8ED5-411CA2D35896}.Debug|x86.ActiveCfg = Debug|Any CPU
		{F7944CC4-7538-47EF-8ED5-411CA2D35896}.Debug|x86.Build.0 = Debug|Any CPU
		{F7944CC4-7538-47EF-8ED5-411CA2D35896}.Release|Any CPU.ActiveCfg = Release|Any CPU
		{F7944CC4-7538-47EF-8ED5-411CA2D35896}.Release|Any CPU.Build.0 = Release|Any CPU
		{F7944CC4-7538-47EF-8ED5-411CA2D35896}.Release|x64.ActiveCfg = Release|Any CPU
		{F7944CC4-7538-47EF-8ED5-411CA2D35896}.Release|x64.Build.0 = Release|Any CPU
		{F7944CC4-7538-47EF-8ED5-411CA2D35896}.Release|x86.ActiveCfg = Release|Any CPU
		{F7944CC4-7538-47EF-8ED5-411CA2D35896}.Release|x86.Build.0 = Release|Any CPU
	EndGlobalSection
	GlobalSection(NestedProjects) = preSolution
		{F7944CC4-7538-47EF-8ED5-411CA2D35896} = {48716970-D555-11EA-A41A-1BD6E9701E6E}
		{32C67427-2AB7-48C1-9B97-95EEC587DE37} = {534579E0-D555-11EA-A41A-1BD6E9701E6E}
		{534579E0-D555-11EA-A41A-1BD6E9701E6E} = {21723250-D555-11EA-A41A-1BD6E9701E6E}
		{4E89EDA0-D555-11EA-A41A-1BD6E9701E6E} = {21723250-D555-11EA-A41A-1BD6E9701E6E}
		{48716970-D555-11EA-A41A-1BD6E9701E6E} = {21723250-D555-11EA-A41A-1BD6E9701E6E}
		{40A71690-D555-11EA-A41A-1BD6E9701E6E} = {21723250-D555-11EA-A41A-1BD6E9701E6E}
	EndGlobalSection
EndGlobal
